
Microsoft Visual Studio Solution File, Format Version 12.00
# Visual Studio Version 17
VisualStudioVersion = 17.14.36221.1 d17.14
MinimumVisualStudioVersion = 10.0.40219.1
Project("{FAE04EC0-301F-11D3-BF4B-00C04F79EFBC}") = "SistemaAcademico", "SistemaAcademico.csproj", "{681CC3E5-9F6A-4112-9558-EC1BCE80259B}"
EndProject
Global
	GlobalSection(SolutionConfigurationPlatforms) = preSolution
		Debug|Any CPU = Debug|Any CPU
		Release|Any CPU = Release|Any CPU
	EndGlobalSection
	GlobalSection(ProjectConfigurationPlatforms) = postSolution
		{681CC3E5-9F6A-4112-9558-EC1BCE80259B}.Debug|Any CPU.ActiveCfg = Debug|Any CPU
		{681CC3E5-9F6A-4112-9558-EC1BCE80259B}.Debug|Any CPU.Build.0 = Debug|Any CPU
		{681CC3E5-9F6A-4112-9558-EC1BCE80259B}.Release|Any CPU.ActiveCfg = Release|Any CPU
		{681CC3E5-9F6A-4112-9558-EC1BCE80259B}.Release|Any CPU.Build.0 = Release|Any CPU
	EndGlobalSection
	GlobalSection(SolutionProperties) = preSolution
		HideSolutionNode = FALSE
	EndGlobalSection
	GlobalSection(ExtensibilityGlobals) = postSolution
		SolutionGuid = {387DDE3D-2693-4040-8001-D2733FC9E164}
	EndGlobalSection
EndGlobal
